{
  "name": "tic_tac_toe",
  "version": "1.0.0",
  "lockfileVersion": 1,
  "dependencies": {
    "clear": {
      "version": "0.0.1",
      "resolved": "https://registry.npmjs.org/clear/-/clear-0.0.1.tgz",
      "integrity": "sha1-5RhuIp2ZRIF5wTAxG2+dML/2sLo="
    },
    "prompt-sync": {
      "version": "4.1.5",
      "resolved": "https://registry.npmjs.org/prompt-sync/-/prompt-sync-4.1.5.tgz",
      "integrity": "sha1-cJrBgjiLDppKRbVoPtBEntGfPrg="
    }
  }
}
